
Microsoft Visual Studio Solution File, Format Version 12.00
# Visual Studio Version 16
VisualStudioVersion = 16.0.30330.147
MinimumVisualStudioVersion = 10.0.40219.1
Project("{888888A0-9F3D-457C-B088-3A5042F75D52}") = "LearningDjango", "LearningDjango\LearningDjango.pyproj", "{FCE7291D-EAE7-46BB-B0CF-5F2B7A4D4BA2}"
EndProject
Global
	GlobalSection(SolutionConfigurationPlatforms) = preSolution
		Debug|Any CPU = Debug|Any CPU
		Release|Any CPU = Release|Any CPU
	EndGlobalSection
	GlobalSection(ProjectConfigurationPlatforms) = postSolution
		{FCE7291D-EAE7-46BB-B0CF-5F2B7A4D4BA2}.Debug|Any CPU.ActiveCfg = Debug|Any CPU
		{FCE7291D-EAE7-46BB-B0CF-5F2B7A4D4BA2}.Debug|Any CPU.Build.0 = Debug|Any CPU
		{FCE7291D-EAE7-46BB-B0CF-5F2B7A4D4BA2}.Release|Any CPU.ActiveCfg = Release|Any CPU
		{FCE7291D-EAE7-46BB-B0CF-5F2B7A4D4BA2}.Release|Any CPU.Build.0 = Release|Any CPU
	EndGlobalSection
	GlobalSection(SolutionProperties) = preSolution
		HideSolutionNode = FALSE
	EndGlobalSection
	GlobalSection(ExtensibilityGlobals) = postSolution
		SolutionGuid = {62FBF1FB-C183-498C-B5FE-F2F271A50B8B}
	EndGlobalSection
EndGlobal
